{
  "name": "scu",
  "version": "1.0.0",
  "lockfileVersion": 3,
  "requires": true,
  "packages": {
    "": {
      "name": "scu",
      "version": "1.0.0",
      "license": "ISC",
      "dependencies": {
        "@tencentcloud/chat-uikit-wechat": "^1.0.8"
      }
    },
    "node_modules/@tencentcloud/chat-uikit-wechat": {
      "version": "1.0.8",
      "resolved": "https://registry.npmjs.org/@tencentcloud/chat-uikit-wechat/-/chat-uikit-wechat-1.0.8.tgz",
      "integrity": "sha512-ZY9b1r12jZdt99IoqXXricomfOqVT47igRu/sNbW1UtE9IlGkIeK0gOMS80axZ/SWwMaL8wTXZnL9TQPj9jmwQ=="
    }
  }
}
